
Microsoft Visual Studio Solution File, Format Version 12.00
# Visual Studio Version 17
VisualStudioVersion = 17.13.35818.85 d17.13
MinimumVisualStudioVersion = 10.0.40219.1
Project("{FAE04EC0-301F-11D3-BF4B-00C04F79EFBC}") = "tpmodul05_103022300021", "tpmodul05_103022300021.csproj", "{5131AE61-8D01-4C5E-8138-B59E4A2A7FA1}"
EndProject
Global
	GlobalSection(SolutionConfigurationPlatforms) = preSolution
		Debug|Any CPU = Debug|Any CPU
		Release|Any CPU = Release|Any CPU
	EndGlobalSection
	GlobalSection(ProjectConfigurationPlatforms) = postSolution
		{5131AE61-8D01-4C5E-8138-B59E4A2A7FA1}.Debug|Any CPU.ActiveCfg = Debug|Any CPU
		{5131AE61-8D01-4C5E-8138-B59E4A2A7FA1}.Debug|Any CPU.Build.0 = Debug|Any CPU
		{5131AE61-8D01-4C5E-8138-B59E4A2A7FA1}.Release|Any CPU.ActiveCfg = Release|Any CPU
		{5131AE61-8D01-4C5E-8138-B59E4A2A7FA1}.Release|Any CPU.Build.0 = Release|Any CPU
	EndGlobalSection
	GlobalSection(SolutionProperties) = preSolution
		HideSolutionNode = FALSE
	EndGlobalSection
	GlobalSection(ExtensibilityGlobals) = postSolution
		SolutionGuid = {5AC87E10-7E6B-4BDA-BAF8-C71A94FC2C86}
	EndGlobalSection
EndGlobal
